// !$*UTF8*$!
{
	archiveVersion = 1;
	classes = {
	};
	objectVersion = 50;
	objects = {

/* Begin PBXBuildFile section */
		BF22AAD4243A9F5B004F9542 /* AppleSignInWrapper.swift in Sources */ = {isa = PBXBuildFile; fileRef = BF22AAD3243A9F5B004F9542 /* AppleSignInWrapper.swift */; };
		BF22AAD6243AA6B0004F9542 /* UserInformation.swift in Sources */ = {isa = PBXBuildFile; fileRef = BF22AAD5243AA6B0004F9542 /* UserInformation.swift */; };
		BF22AADB243AB181004F9542 /* AppleIDLoginDelegate.swift in Sources */ = {isa = PBXBuildFile; fileRef = BF22AADA243AB181004F9542 /* AppleIDLoginDelegate.swift */; };
		BF4336EF243A5F6300ED6188 /* AppleIDButtonWrapper.framework in Frameworks */ = {isa = PBXBuildFile; fileRef = BF4336E5243A5F6300ED6188 /* AppleIDButtonWrapper.framework */; };
		BF4336F4243A5F6300ED6188 /* AppleIDButtonWrapperTests.swift in Sources */ = {isa = PBXBuildFile; fileRef = BF4336F3243A5F6300ED6188 /* AppleIDButtonWrapperTests.swift */; };
		BF4336F6243A5F6300ED6188 /* AppleIDButtonWrapper.h in Headers */ = {isa = PBXBuildFile; fileRef = BF4336E8243A5F6300ED6188 /* AppleIDButtonWrapper.h */; settings = {ATTRIBUTES = (Public, ); }; };
		BF433700243A5FD800ED6188 /* AppleIDButtonWrapper.swift in Sources */ = {isa = PBXBuildFile; fileRef = BF4336FF243A5FD800ED6188 /* AppleIDButtonWrapper.swift */; };
/* End PBXBuildFile section */

/* Begin PBXContainerItemProxy section */
		BF4336F0243A5F6300ED6188 /* PBXContainerItemProxy */ = {
			isa = PBXContainerItemProxy;
			containerPortal = BF4336DC243A5F6300ED6188 /* Project object */;
			proxyType = 1;
			remoteGlobalIDString = BF4336E4243A5F6300ED6188;
			remoteInfo = AppleIDButtonWrapper;
		};
/* End PBXContainerItemProxy section */

/* Begin PBXFileReference section */
		BF22AAD3243A9F5B004F9542 /* AppleSignInWrapper.swift */ = {isa = PBXFileReference; lastKnownFileType = sourcecode.swift; path = AppleSignInWrapper.swift; sourceTree = "<group>"; };
		BF22AAD5243AA6B0004F9542 /* UserInformation.swift */ = {isa = PBXFileReference; lastKnownFileType = sourcecode.swift; path = UserInformation.swift; sourceTree = "<group>"; };
		BF22AADA243AB181004F9542 /* AppleIDLoginDelegate.swift */ = {isa = PBXFileReference; lastKnownFileType = sourcecode.swift; name = AppleIDLoginDelegate.swift; path = AppleIDButtonWrapper/Delegate/AppleIDLoginDelegate.swift; sourceTree = SOURCE_ROOT; };
		BF4336E5243A5F6300ED6188 /* AppleIDButtonWrapper.framework */ = {isa = PBXFileReference; explicitFileType = wrapper.framework; includeInIndex = 0; path = AppleIDButtonWrapper.framework; sourceTree = BUILT_PRODUCTS_DIR; };
		BF4336E8243A5F6300ED6188 /* AppleIDButtonWrapper.h */ = {isa = PBXFileReference; lastKnownFileType = sourcecode.c.h; path = AppleIDButtonWrapper.h; sourceTree = "<group>"; };
		BF4336E9243A5F6300ED6188 /* Info.plist */ = {isa = PBXFileReference; lastKnownFileType = text.plist.xml; path = Info.plist; sourceTree = "<group>"; };
		BF4336EE243A5F6300ED6188 /* AppleIDButtonWrapperTests.xctest */ = {isa = PBXFileReference; explicitFileType = wrapper.cfbundle; includeInIndex = 0; path = AppleIDButtonWrapperTests.xctest; sourceTree = BUILT_PRODUCTS_DIR; };
		BF4336F3243A5F6300ED6188 /* AppleIDButtonWrapperTests.swift */ = {isa = PBXFileReference; lastKnownFileType = sourcecode.swift; path = AppleIDButtonWrapperTests.swift; sourceTree = "<group>"; };
		BF4336F5243A5F6300ED6188 /* Info.plist */ = {isa = PBXFileReference; lastKnownFileType = text.plist.xml; path = Info.plist; sourceTree = "<group>"; };
		BF4336FF243A5FD800ED6188 /* AppleIDButtonWrapper.swift */ = {isa = PBXFileReference; lastKnownFileType = sourcecode.swift; path = AppleIDButtonWrapper.swift; sourceTree = "<group>"; };
/* End PBXFileReference section */

/* Begin PBXFrameworksBuildPhase section */
		BF4336E2243A5F6300ED6188 /* Frameworks */ = {
			isa = PBXFrameworksBuildPhase;
			buildActionMask = 2147483647;
			files = (
			);
			runOnlyForDeploymentPostprocessing = 0;
		};
		BF4336EB243A5F6300ED6188 /* Frameworks */ = {
			isa = PBXFrameworksBuildPhase;
			buildActionMask = 2147483647;
			files = (
				BF4336EF243A5F6300ED6188 /* AppleIDButtonWrapper.framework in Frameworks */,
			);
			runOnlyForDeploymentPostprocessing = 0;
		};
/* End PBXFrameworksBuildPhase section */

/* Begin PBXGroup section */
		BF22AAD7243AB13F004F9542 /* Model */ = {
			isa = PBXGroup;
			children = (
				BF22AAD5243AA6B0004F9542 /* UserInformation.swift */,
			);
			path = Model;
			sourceTree = "<group>";
		};
		BF22AAD8243AB14D004F9542 /* Wrappers */ = {
			isa = PBXGroup;
			children = (
				BF4336FF243A5FD800ED6188 /* AppleIDButtonWrapper.swift */,
				BF22AAD3243A9F5B004F9542 /* AppleSignInWrapper.swift */,
			);
			path = Wrappers;
			sourceTree = "<group>";
		};
		BF22AAD9243AB161004F9542 /* Delegate */ = {
			isa = PBXGroup;
			children = (
				BF22AADA243AB181004F9542 /* AppleIDLoginDelegate.swift */,
			);
			path = Delegate;
			sourceTree = "<group>";
		};
		BF4336DB243A5F6300ED6188 = {
			isa = PBXGroup;
			children = (
				BF4336E7243A5F6300ED6188 /* AppleIDButtonWrapper */,
				BF4336F2243A5F6300ED6188 /* AppleIDButtonWrapperTests */,
				BF4336E6243A5F6300ED6188 /* Products */,
			);
			sourceTree = "<group>";
		};
		BF4336E6243A5F6300ED6188 /* Products */ = {
			isa = PBXGroup;
			children = (
				BF4336E5243A5F6300ED6188 /* AppleIDButtonWrapper.framework */,
				BF4336EE243A5F6300ED6188 /* AppleIDButtonWrapperTests.xctest */,
			);
			name = Products;
			sourceTree = "<group>";
		};
		BF4336E7243A5F6300ED6188 /* AppleIDButtonWrapper */ = {
			isa = PBXGroup;
			children = (
				BF22AAD9243AB161004F9542 /* Delegate */,
				BF22AAD8243AB14D004F9542 /* Wrappers */,
				BF22AAD7243AB13F004F9542 /* Model */,
				BF4336E8243A5F6300ED6188 /* AppleIDButtonWrapper.h */,
				BF4336E9243A5F6300ED6188 /* Info.plist */,
			);
			path = AppleIDButtonWrapper;
			sourceTree = "<group>";
		};
		BF4336F2243A5F6300ED6188 /* AppleIDButtonWrapperTests */ = {
			isa = PBXGroup;
			children = (
				BF4336F3243A5F6300ED6188 /* AppleIDButtonWrapperTests.swift */,
				BF4336F5243A5F6300ED6188 /* Info.plist */,
			);
			path = AppleIDButtonWrapperTests;
			sourceTree = "<group>";
		};
/* End PBXGroup section */

/* Begin PBXHeadersBuildPhase section */
		BF4336E0243A5F6300ED6188 /* Headers */ = {
			isa = PBXHeadersBuildPhase;
			buildActionMask = 2147483647;
			files = (
				BF4336F6243A5F6300ED6188 /* AppleIDButtonWrapper.h in Headers */,
			);
			runOnlyForDeploymentPostprocessing = 0;
		};
/* End PBXHeadersBuildPhase section */

/* Begin PBXNativeTarget section */
		BF4336E4243A5F6300ED6188 /* AppleIDButtonWrapper */ = {
			isa = PBXNativeTarget;
			buildConfigurationList = BF4336F9243A5F6300ED6188 /* Build configuration list for PBXNativeTarget "AppleIDButtonWrapper" */;
			buildPhases = (
				BF4336E0243A5F6300ED6188 /* Headers */,
				BF4336E1243A5F6300ED6188 /* Sources */,
				BF4336E2243A5F6300ED6188 /* Frameworks */,
				BF4336E3243A5F6300ED6188 /* Resources */,
			);
			buildRules = (
			);
			dependencies = (
			);
			name = AppleIDButtonWrapper;
			productName = AppleIDButtonWrapper;
			productReference = BF4336E5243A5F6300ED6188 /* AppleIDButtonWrapper.framework */;
			productType = "com.apple.product-type.framework";
		};
		BF4336ED243A5F6300ED6188 /* AppleIDButtonWrapperTests */ = {
			isa = PBXNativeTarget;
			buildConfigurationList = BF4336FC243A5F6300ED6188 /* Build configuration list for PBXNativeTarget "AppleIDButtonWrapperTests" */;
			buildPhases = (
				BF4336EA243A5F6300ED6188 /* Sources */,
				BF4336EB243A5F6300ED6188 /* Frameworks */,
				BF4336EC243A5F6300ED6188 /* Resources */,
			);
			buildRules = (
			);
			dependencies = (
				BF4336F1243A5F6300ED6188 /* PBXTargetDependency */,
			);
			name = AppleIDButtonWrapperTests;
			productName = AppleIDButtonWrapperTests;
			productReference = BF4336EE243A5F6300ED6188 /* AppleIDButtonWrapperTests.xctest */;
			productType = "com.apple.product-type.bundle.unit-test";
		};
/* End PBXNativeTarget section */

/* Begin PBXProject section */
		BF4336DC243A5F6300ED6188 /* Project object */ = {
			isa = PBXProject;
			attributes = {
				LastSwiftUpdateCheck = 1140;
				LastUpgradeCheck = 1140;
				ORGANIZATIONNAME = "Luis Genaro Arvizu Vega";
				TargetAttributes = {
					BF4336E4243A5F6300ED6188 = {
						CreatedOnToolsVersion = 11.4;
						LastSwiftMigration = 1140;
					};
					BF4336ED243A5F6300ED6188 = {
						CreatedOnToolsVersion = 11.4;
					};
				};
			};
			buildConfigurationList = BF4336DF243A5F6300ED6188 /* Build configuration list for PBXProject "AppleIDButtonWrapper" */;
			compatibilityVersion = "Xcode 9.3";
			developmentRegion = en;
			hasScannedForEncodings = 0;
			knownRegions = (
				en,
				Base,
			);
			mainGroup = BF4336DB243A5F6300ED6188;
			productRefGroup = BF4336E6243A5F6300ED6188 /* Products */;
			projectDirPath = "";
			projectRoot = "";
			targets = (
				BF4336E4243A5F6300ED6188 /* AppleIDButtonWrapper */,
				BF4336ED243A5F6300ED6188 /* AppleIDButtonWrapperTests */,
			);
		};
/* End PBXProject section */

/* Begin PBXResourcesBuildPhase section */
		BF4336E3243A5F6300ED6188 /* Resources */ = {
			isa = PBXResourcesBuildPhase;
			buildActionMask = 2147483647;
			files = (
			);
			runOnlyForDeploymentPostprocessing = 0;
		};
		BF4336EC243A5F6300ED6188 /* Resources */ = {
			isa = PBXResourcesBuildPhase;
			buildActionMask = 2147483647;
			files = (
			);
			runOnlyForDeploymentPostprocessing = 0;
		};
/* End PBXResourcesBuildPhase section */

/* Begin PBXSourcesBuildPhase section */
		BF4336E1243A5F6300ED6188 /* Sources */ = {
			isa = PBXSourcesBuildPhase;
			buildActionMask = 2147483647;
			files = (
				BF22AADB243AB181004F9542 /* AppleIDLoginDelegate.swift in Sources */,
				BF22AAD4243A9F5B004F9542 /* AppleSignInWrapper.swift in Sources */,
				BF22AAD6243AA6B0004F9542 /* UserInformation.swift in Sources */,
				BF433700243A5FD800ED6188 /* AppleIDButtonWrapper.swift in Sources */,
			);
			runOnlyForDeploymentPostprocessing = 0;
		};
		BF4336EA243A5F6300ED6188 /* Sources */ = {
			isa = PBXSourcesBuildPhase;
			buildActionMask = 2147483647;
			files = (
				BF4336F4243A5F6300ED6188 /* AppleIDButtonWrapperTests.swift in Sources */,
			);
			runOnlyForDeploymentPostprocessing = 0;
		};
/* End PBXSourcesBuildPhase section */

/* Begin PBXTargetDependency section */
		BF4336F1243A5F6300ED6188 /* PBXTargetDependency */ = {
			isa = PBXTargetDependency;
			target = BF4336E4243A5F6300ED6188 /* AppleIDButtonWrapper */;
			targetProxy = BF4336F0243A5F6300ED6188 /* PBXContainerItemProxy */;
		};
/* End PBXTargetDependency section */

/* Begin XCBuildConfiguration section */
		BF4336F7243A5F6300ED6188 /* Debug */ = {
			isa = XCBuildConfiguration;
			buildSettings = {
				ALWAYS_SEARCH_USER_PATHS = NO;
				CLANG_ANALYZER_NONNULL = YES;
				CLANG_ANALYZER_NUMBER_OBJECT_CONVERSION = YES_AGGRESSIVE;
				CLANG_CXX_LANGUAGE_STANDARD = "gnu++14";
				CLANG_CXX_LIBRARY = "libc++";
				CLANG_ENABLE_MODULES = YES;
				CLANG_ENABLE_OBJC_ARC = YES;
				CLANG_ENABLE_OBJC_WEAK = YES;
				CLANG_WARN_BLOCK_CAPTURE_AUTORELEASING = YES;
				CLANG_WARN_BOOL_CONVERSION = YES;
				CLANG_WARN_COMMA = YES;
				CLANG_WARN_CONSTANT_CONVERSION = YES;
				CLANG_WARN_DEPRECATED_OBJC_IMPLEMENTATIONS = YES;
				CLANG_WARN_DIRECT_OBJC_ISA_USAGE = YES_ERROR;
				CLANG_WARN_DOCUMENTATION_COMMENTS = YES;
				CLANG_WARN_EMPTY_BODY = YES;
				CLANG_WARN_ENUM_CONVERSION = YES;
				CLANG_WARN_INFINITE_RECURSION = YES;
				CLANG_WARN_INT_CONVERSION = YES;
				CLANG_WARN_NON_LITERAL_NULL_CONVERSION = YES;
				CLANG_WARN_OBJC_IMPLICIT_RETAIN_SELF = YES;
				CLANG_WARN_OBJC_LITERAL_CONVERSION = YES;
				CLANG_WARN_OBJC_ROOT_CLASS = YES_ERROR;
				CLANG_WARN_RANGE_LOOP_ANALYSIS = YES;
				CLANG_WARN_STRICT_PROTOTYPES = YES;
				CLANG_WARN_SUSPICIOUS_MOVE = YES;
				CLANG_WARN_UNGUARDED_AVAILABILITY = YES_AGGRESSIVE;
				CLANG_WARN_UNREACHABLE_CODE = YES;
				CLANG_WARN__DUPLICATE_METHOD_MATCH = YES;
				COPY_PHASE_STRIP = NO;
				CURRENT_PROJECT_VERSION = 1;
				DEBUG_INFORMATION_FORMAT = dwarf;
				ENABLE_STRICT_OBJC_MSGSEND = YES;
				ENABLE_TESTABILITY = YES;
				GCC_C_LANGUAGE_STANDARD = gnu11;
				GCC_DYNAMIC_NO_PIC = NO;
				GCC_NO_COMMON_BLOCKS = YES;
				GCC_OPTIMIZATION_LEVEL = 0;
				GCC_PREPROCESSOR_DEFINITIONS = (
					"DEBUG=1",
					"$(inherited)",
				);
				GCC_WARN_64_TO_32_BIT_CONVERSION = YES;
				GCC_WARN_ABOUT_RETURN_TYPE = YES_ERROR;
				GCC_WARN_UNDECLARED_SELECTOR = YES;
				GCC_WARN_UNINITIALIZED_AUTOS = YES_AGGRESSIVE;
				GCC_WARN_UNUSED_FUNCTION = YES;
				GCC_WARN_UNUSED_VARIABLE = YES;
				IPHONEOS_DEPLOYMENT_TARGET = 9.0;
				MTL_ENABLE_DEBUG_INFO = INCLUDE_SOURCE;
				MTL_FAST_MATH = YES;
				ONLY_ACTIVE_ARCH = YES;
				SDKROOT = iphoneos;
				SWIFT_ACTIVE_COMPILATION_CONDITIONS = DEBUG;
				SWIFT_OPTIMIZATION_LEVEL = "-Onone";
				VERSIONING_SYSTEM = "apple-generic";
				VERSION_INFO_PREFIX = "";
			};
			name = Debug;
		};
		BF4336F8243A5F6300ED6188 /* Release */ = {
			isa = XCBuildConfiguration;
			buildSettings = {
				ALWAYS_SEARCH_USER_PATHS = NO;
				CLANG_ANALYZER_NONNULL = YES;
				CLANG_ANALYZER_NUMBER_OBJECT_CONVERSION = YES_AGGRESSIVE;
				CLANG_CXX_LANGUAGE_STANDARD = "gnu++14";
				CLANG_CXX_LIBRARY = "libc++";
				CLANG_ENABLE_MODULES = YES;
				CLANG_ENABLE_OBJC_ARC = YES;
				CLANG_ENABLE_OBJC_WEAK = YES;
				CLANG_WARN_BLOCK_CAPTURE_AUTORELEASING = YES;
				CLANG_WARN_BOOL_CONVERSION = YES;
				CLANG_WARN_COMMA = YES;
				CLANG_WARN_CONSTANT_CONVERSION = YES;
				CLANG_WARN_DEPRECATED_OBJC_IMPLEMENTATIONS = YES;
				CLANG_WARN_DIRECT_OBJC_ISA_USAGE = YES_ERROR;
				CLANG_WARN_DOCUMENTATION_COMMENTS = YES;
				CLANG_WARN_EMPTY_BODY = YES;
				CLANG_WARN_ENUM_CONVERSION = YES;
				CLANG_WARN_INFINITE_RECURSION = YES;
				CLANG_WARN_INT_CONVERSION = YES;
				CLANG_WARN_NON_LITERAL_NULL_CONVERSION = YES;
				CLANG_WARN_OBJC_IMPLICIT_RETAIN_SELF = YES;
				CLANG_WARN_OBJC_LITERAL_CONVERSION = YES;
				CLANG_WARN_OBJC_ROOT_CLASS = YES_ERROR;
				CLANG_WARN_RANGE_LOOP_ANALYSIS = YES;
				CLANG_WARN_STRICT_PROTOTYPES = YES;
				CLANG_WARN_SUSPICIOUS_MOVE = YES;
				CLANG_WARN_UNGUARDED_AVAILABILITY = YES_AGGRESSIVE;
				CLANG_WARN_UNREACHABLE_CODE = YES;
				CLANG_WARN__DUPLICATE_METHOD_MATCH = YES;
				COPY_PHASE_STRIP = NO;
				CURRENT_PROJECT_VERSION = 1;
				DEBUG_INFORMATION_FORMAT = "dwarf-with-dsym";
				ENABLE_NS_ASSERTIONS = NO;
				ENABLE_STRICT_OBJC_MSGSEND = YES;
				GCC_C_LANGUAGE_STANDARD = gnu11;
				GCC_NO_COMMON_BLOCKS = YES;
				GCC_WARN_64_TO_32_BIT_CONVERSION = YES;
				GCC_WARN_ABOUT_RETURN_TYPE = YES_ERROR;
				GCC_WARN_UNDECLARED_SELECTOR = YES;
				GCC_WARN_UNINITIALIZED_AUTOS = YES_AGGRESSIVE;
				GCC_WARN_UNUSED_FUNCTION = YES;
				GCC_WARN_UNUSED_VARIABLE = YES;
				IPHONEOS_DEPLOYMENT_TARGET = 9.0;
				MTL_ENABLE_DEBUG_INFO = NO;
				MTL_FAST_MATH = YES;
				SDKROOT = iphoneos;
				SWIFT_COMPILATION_MODE = wholemodule;
				SWIFT_OPTIMIZATION_LEVEL = "-O";
				VALIDATE_PRODUCT = YES;
				VERSIONING_SYSTEM = "apple-generic";
				VERSION_INFO_PREFIX = "";
			};
			name = Release;
		};
		BF4336FA243A5F6300ED6188 /* Debug */ = {
			isa = XCBuildConfiguration;
			buildSettings = {
				CLANG_ENABLE_MODULES = YES;
				CODE_SIGN_STYLE = Automatic;
				CURRENT_PROJECT_VERSION = 1.0.1;
				DEFINES_MODULE = YES;
				DEVELOPMENT_TEAM = 9Q24Z7YFB7;
				DYLIB_COMPATIBILITY_VERSION = 1;
				DYLIB_CURRENT_VERSION = 1;
				DYLIB_INSTALL_NAME_BASE = "@rpath";
				INFOPLIST_FILE = AppleIDButtonWrapper/Info.plist;
				INSTALL_PATH = "$(LOCAL_LIBRARY_DIR)/Frameworks";
				IPHONEOS_DEPLOYMENT_TARGET = 9.0;
				LD_RUNPATH_SEARCH_PATHS = (
					"$(inherited)",
					"@executable_path/Frameworks",
					"@loader_path/Frameworks",
				);
				MARKETING_VERSION = 1;
				PRODUCT_BUNDLE_IDENTIFIER = mx.com.GAR.AppleIDButtonWrapper;
				PRODUCT_NAME = "$(TARGET_NAME:c99extidentifier)";
				SKIP_INSTALL = YES;
				SUPPORTS_MACCATALYST = YES;
				SWIFT_OPTIMIZATION_LEVEL = "-Onone";
				SWIFT_VERSION = 5.0;
				TARGETED_DEVICE_FAMILY = "1,2";
			};
			name = Debug;
		};
		BF4336FB243A5F6300ED6188 /* Release */ = {
			isa = XCBuildConfiguration;
			buildSettings = {
				CLANG_ENABLE_MODULES = YES;
				CODE_SIGN_STYLE = Automatic;
				CURRENT_PROJECT_VERSION = 1.0.1;
				DEFINES_MODULE = YES;
				DEVELOPMENT_TEAM = 9Q24Z7YFB7;
				DYLIB_COMPATIBILITY_VERSION = 1;
				DYLIB_CURRENT_VERSION = 1;
				DYLIB_INSTALL_NAME_BASE = "@rpath";
				INFOPLIST_FILE = AppleIDButtonWrapper/Info.plist;
				INSTALL_PATH = "$(LOCAL_LIBRARY_DIR)/Frameworks";
				IPHONEOS_DEPLOYMENT_TARGET = 9.0;
				LD_RUNPATH_SEARCH_PATHS = (
					"$(inherited)",
					"@executable_path/Frameworks",
					"@loader_path/Frameworks",
				);
				MARKETING_VERSION = 1;
				PRODUCT_BUNDLE_IDENTIFIER = mx.com.GAR.AppleIDButtonWrapper;
				PRODUCT_NAME = "$(TARGET_NAME:c99extidentifier)";
				SKIP_INSTALL = YES;
				SUPPORTS_MACCATALYST = YES;
				SWIFT_VERSION = 5.0;
				TARGETED_DEVICE_FAMILY = "1,2";
			};
			name = Release;
		};
		BF4336FD243A5F6300ED6188 /* Debug */ = {
			isa = XCBuildConfiguration;
			buildSettings = {
				ALWAYS_EMBED_SWIFT_STANDARD_LIBRARIES = YES;
				CODE_SIGN_STYLE = Automatic;
				DEVELOPMENT_TEAM = 9Q24Z7YFB7;
				INFOPLIST_FILE = AppleIDButtonWrapperTests/Info.plist;
				LD_RUNPATH_SEARCH_PATHS = (
					"$(inherited)",
					"@executable_path/Frameworks",
					"@loader_path/Frameworks",
				);
				PRODUCT_BUNDLE_IDENTIFIER = mx.com.GAR.AppleIDButtonWrapperTests;
				PRODUCT_NAME = "$(TARGET_NAME)";
				SWIFT_VERSION = 5.0;
				TARGETED_DEVICE_FAMILY = "1,2";
			};
			name = Debug;
		};
		BF4336FE243A5F6300ED6188 /* Release */ = {
			isa = XCBuildConfiguration;
			buildSettings = {
				ALWAYS_EMBED_SWIFT_STANDARD_LIBRARIES = YES;
				CODE_SIGN_STYLE = Automatic;
				DEVELOPMENT_TEAM = 9Q24Z7YFB7;
				INFOPLIST_FILE = AppleIDButtonWrapperTests/Info.plist;
				LD_RUNPATH_SEARCH_PATHS = (
					"$(inherited)",
					"@executable_path/Frameworks",
					"@loader_path/Frameworks",
				);
				PRODUCT_BUNDLE_IDENTIFIER = mx.com.GAR.AppleIDButtonWrapperTests;
				PRODUCT_NAME = "$(TARGET_NAME)";
				SWIFT_VERSION = 5.0;
				TARGETED_DEVICE_FAMILY = "1,2";
			};
			name = Release;
		};
/* End XCBuildConfiguration section */

/* Begin XCConfigurationList section */
		BF4336DF243A5F6300ED6188 /* Build configuration list for PBXProject "AppleIDButtonWrapper" */ = {
			isa = XCConfigurationList;
			buildConfigurations = (
				BF4336F7243A5F6300ED6188 /* Debug */,
				BF4336F8243A5F6300ED6188 /* Release */,
			);
			defaultConfigurationIsVisible = 0;
			defaultConfigurationName = Release;
		};
		BF4336F9243A5F6300ED6188 /* Build configuration list for PBXNativeTarget "AppleIDButtonWrapper" */ = {
			isa = XCConfigurationList;
			buildConfigurations = (
				BF4336FA243A5F6300ED6188 /* Debug */,
				BF4336FB243A5F6300ED6188 /* Release */,
			);
			defaultConfigurationIsVisible = 0;
			defaultConfigurationName = Release;
		};
		BF4336FC243A5F6300ED6188 /* Build configuration list for PBXNativeTarget "AppleIDButtonWrapperTests" */ = {
			isa = XCConfigurationList;
			buildConfigurations = (
				BF4336FD243A5F6300ED6188 /* Debug */,
				BF4336FE243A5F6300ED6188 /* Release */,
			);
			defaultConfigurationIsVisible = 0;
			defaultConfigurationName = Release;
		};
/* End XCConfigurationList section */
	};
	rootObject = BF4336DC243A5F6300ED6188 /* Project object */;
}
